
Microsoft Visual Studio Solution File, Format Version 12.00
# Visual Studio 15
VisualStudioVersion = 15.0.28010.2046
MinimumVisualStudioVersion = 10.0.40219.1
Project("{FAE04EC0-301F-11D3-BF4B-00C04F79EFBC}") = "UsingViewComponents", "UsingViewComponents\UsingViewComponents.csproj", "{EDC3892A-3A7B-4CDC-A3F9-C2074BC65FA8}"
EndProject
Global
	GlobalSection(SolutionConfigurationPlatforms) = preSolution
		Debug|Any CPU = Debug|Any CPU
		Release|Any CPU = Release|Any CPU
	EndGlobalSection
	GlobalSection(ProjectConfigurationPlatforms) = postSolution
		{EDC3892A-3A7B-4CDC-A3F9-C2074BC65FA8}.Debug|Any CPU.ActiveCfg = Debug|Any CPU
		{EDC3892A-3A7B-4CDC-A3F9-C2074BC65FA8}.Debug|Any CPU.Build.0 = Debug|Any CPU
		{EDC3892A-3A7B-4CDC-A3F9-C2074BC65FA8}.Release|Any CPU.ActiveCfg = Release|Any CPU
		{EDC3892A-3A7B-4CDC-A3F9-C2074BC65FA8}.Release|Any CPU.Build.0 = Release|Any CPU
	EndGlobalSection
	GlobalSection(SolutionProperties) = preSolution
		HideSolutionNode = FALSE
	EndGlobalSection
	GlobalSection(ExtensibilityGlobals) = postSolution
		SolutionGuid = {0DBCB135-67CF-4474-AF88-A5856E4E3EF6}
	EndGlobalSection
EndGlobal
