
Microsoft Visual Studio Solution File, Format Version 12.00
# Visual Studio 15
VisualStudioVersion = 15.0.28010.2041
MinimumVisualStudioVersion = 10.0.40219.1
Project("{FAE04EC0-301F-11D3-BF4B-00C04F79EFBC}") = "ApiControllers", "ApiControllers\ApiControllers.csproj", "{E6200F26-D4D5-4520-AEE3-7462517F72CF}"
EndProject
Global
	GlobalSection(SolutionConfigurationPlatforms) = preSolution
		Debug|Any CPU = Debug|Any CPU
		Release|Any CPU = Release|Any CPU
	EndGlobalSection
	GlobalSection(ProjectConfigurationPlatforms) = postSolution
		{E6200F26-D4D5-4520-AEE3-7462517F72CF}.Debug|Any CPU.ActiveCfg = Debug|Any CPU
		{E6200F26-D4D5-4520-AEE3-7462517F72CF}.Debug|Any CPU.Build.0 = Debug|Any CPU
		{E6200F26-D4D5-4520-AEE3-7462517F72CF}.Release|Any CPU.ActiveCfg = Release|Any CPU
		{E6200F26-D4D5-4520-AEE3-7462517F72CF}.Release|Any CPU.Build.0 = Release|Any CPU
	EndGlobalSection
	GlobalSection(SolutionProperties) = preSolution
		HideSolutionNode = FALSE
	EndGlobalSection
	GlobalSection(ExtensibilityGlobals) = postSolution
		SolutionGuid = {24EE43B5-64D7-4BD2-8A61-B80B256D1F82}
	EndGlobalSection
EndGlobal
